// !$*UTF8*$!
{
	archiveVersion = 1;
	classes = {
	};
	objectVersion = 77;
	objects = {

/* Begin PBXBuildFile section */
		C100000000000000000000C1 /* SubscriptionKit in Frameworks */ = {isa = PBXBuildFile; productRef = C200000000000000000000C1 /* SubscriptionKit */; };
		C100000000000000000000C2 /* SubscriptionKitUI in Frameworks */ = {isa = PBXBuildFile; productRef = C200000000000000000000C2 /* SubscriptionKitUI */; };
		C100000000000000000000C3 /* ShotKit in Frameworks */ = {isa = PBXBuildFile; productRef = C200000000000000000000C3 /* ShotKit */; };
		DD00000000000000000000DD /* BookGate.storekit in Resources */ = {isa = PBXBuildFile; fileRef = DC00000000000000000000DC /* BookGate.storekit */; };
		D100000000000000000000C4 /* SubscriptionKit in Frameworks */ = {isa = PBXBuildFile; productRef = D100000000000000000000C5 /* SubscriptionKit */; };
/* End PBXBuildFile section */

/* Begin PBXFileReference section */
		B300000000000000000000B3 /* BookGate.app */ = {isa = PBXFileReference; explicitFileType = wrapper.application; includeInIndex = 0; path = BookGate.app; sourceTree = BUILT_PRODUCTS_DIR; };
		D300000000000000000000D3 /* BookGateTests.xctest */ = {isa = PBXFileReference; explicitFileType = wrapper.cfbundle; includeInIndex = 0; path = BookGateTests.xctest; sourceTree = BUILT_PRODUCTS_DIR; };
		DC00000000000000000000DC /* BookGate.storekit */ = {isa = PBXFileReference; lastKnownFileType = text; path = BookGate.storekit; sourceTree = "<group>"; };
/* End PBXFileReference section */

/* Begin PBXFileSystemSynchronizedRootGroup section */
		B200000000000000000000B2 /* BookGate */ = {
			isa = PBXFileSystemSynchronizedRootGroup;
			path = BookGate;
			sourceTree = "<group>";
		};
		D200000000000000000000D2 /* BookGateTests */ = {
			isa = PBXFileSystemSynchronizedRootGroup;
			path = BookGateTests;
			sourceTree = "<group>";
		};
/* End PBXFileSystemSynchronizedRootGroup section */

/* Begin PBXFrameworksBuildPhase section */
		B500000000000000000000B5 /* Frameworks */ = {
			isa = PBXFrameworksBuildPhase;
			buildActionMask = 2147483647;
			files = (
				C100000000000000000000C1 /* SubscriptionKit in Frameworks */,
				C100000000000000000000C2 /* SubscriptionKitUI in Frameworks */,
				C100000000000000000000C3 /* ShotKit in Frameworks */,
			);
			runOnlyForDeploymentPostprocessing = 0;
		};
		D500000000000000000000D5 /* Frameworks */ = {
			isa = PBXFrameworksBuildPhase;
			buildActionMask = 2147483647;
			files = (
				D100000000000000000000C4 /* SubscriptionKit in Frameworks */,
			);
			runOnlyForDeploymentPostprocessing = 0;
		};
/* End PBXFrameworksBuildPhase section */

/* Begin PBXGroup section */
		A900000000000000000000A9 = {
			isa = PBXGroup;
			children = (
				B200000000000000000000B2 /* BookGate */,
				D200000000000000000000D2 /* BookGateTests */,
				DC00000000000000000000DC /* BookGate.storekit */,
				B100000000000000000000B1 /* Products */,
			);
			sourceTree = "<group>";
		};
		B100000000000000000000B1 /* Products */ = {
			isa = PBXGroup;
			children = (
				B300000000000000000000B3 /* BookGate.app */,
				D300000000000000000000D3 /* BookGateTests.xctest */,
			);
			name = Products;
			sourceTree = "<group>";
		};
/* End PBXGroup section */

/* Begin PBXNativeTarget section */
		A200000000000000000000A2 /* BookGate */ = {
			isa = PBXNativeTarget;
			buildConfigurationList = A400000000000000000000A4 /* Build configuration list for PBXNativeTarget "BookGate" */;
			buildPhases = (
				B400000000000000000000B4 /* Sources */,
				B500000000000000000000B5 /* Frameworks */,
				B600000000000000000000B6 /* Resources */,
			);
			buildRules = (
			);
			dependencies = (
			);
			fileSystemSynchronizedGroups = (
				B200000000000000000000B2 /* BookGate */,
			);
			name = BookGate;
			packageProductDependencies = (
				C200000000000000000000C1 /* SubscriptionKit */,
				C200000000000000000000C2 /* SubscriptionKitUI */,
				C200000000000000000000C3 /* ShotKit */,
			);
			productName = BookGate;
			productReference = B300000000000000000000B3 /* BookGate.app */;
			productType = "com.apple.product-type.application";
		};
		D100000000000000000000D1 /* BookGateTests */ = {
			isa = PBXNativeTarget;
			buildConfigurationList = D700000000000000000000D7 /* Build configuration list for PBXNativeTarget "BookGateTests" */;
			buildPhases = (
				D400000000000000000000D4 /* Sources */,
				D500000000000000000000D5 /* Frameworks */,
				D600000000000000000000D6 /* Resources */,
			);
			buildRules = (
			);
			dependencies = (
				DA00000000000000000000DA /* PBXTargetDependency */,
			);
			fileSystemSynchronizedGroups = (
				D200000000000000000000D2 /* BookGateTests */,
			);
			name = BookGateTests;
			packageProductDependencies = (
				D100000000000000000000C5 /* SubscriptionKit */,
			);
			productName = BookGateTests;
			productReference = D300000000000000000000D3 /* BookGateTests.xctest */;
			productType = "com.apple.product-type.bundle.unit-test";
		};
/* End PBXNativeTarget section */

/* Begin PBXContainerItemProxy section */
		DB00000000000000000000DB /* PBXContainerItemProxy */ = {
			isa = PBXContainerItemProxy;
			containerPortal = A100000000000000000000A1 /* Project object */;
			proxyType = 1;
			remoteGlobalIDString = A200000000000000000000A2;
			remoteInfo = BookGate;
		};
/* End PBXContainerItemProxy section */

/* Begin PBXProject section */
		A100000000000000000000A1 /* Project object */ = {
			isa = PBXProject;
			attributes = {
				BuildIndependentTargetsInParallel = 1;
				LastSwiftUpdateCheck = 2660;
				LastUpgradeCheck = 2660;
				TargetAttributes = {
					A200000000000000000000A2 = {
						CreatedOnToolsVersion = 26.6;
					};
					D100000000000000000000D1 = {
						CreatedOnToolsVersion = 26.6;
						TestTargetID = A200000000000000000000A2;
					};
				};
			};
			buildConfigurationList = A300000000000000000000A3 /* Build configuration list for PBXProject "BookGate" */;
			developmentRegion = en;
			hasScannedForEncodings = 0;
			knownRegions = (
				en,
				Base,
				es,
				fr,
				de,
				it,
				ja,
				ko,
			);
			mainGroup = A900000000000000000000A9;
			minimizedProjectReferenceProxies = 1;
			packageReferences = (
				C300000000000000000000C1 /* XCRemoteSwiftPackageReference "subscriptionkit-ios" */,
				C300000000000000000000C2 /* XCRemoteSwiftPackageReference "shotkit-ios" */,
			);
			preferredProjectObjectVersion = 77;
			productRefGroup = B100000000000000000000B1 /* Products */;
			projectDirPath = "";
			projectRoot = "";
			targets = (
				A200000000000000000000A2 /* BookGate */,
				D100000000000000000000D1 /* BookGateTests */,
			);
		};
/* End PBXProject section */

/* Begin PBXTargetDependency section */
		DA00000000000000000000DA /* PBXTargetDependency */ = {
			isa = PBXTargetDependency;
			target = A200000000000000000000A2 /* BookGate */;
			targetProxy = DB00000000000000000000DB /* PBXContainerItemProxy */;
		};
/* End PBXTargetDependency section */

/* Begin PBXResourcesBuildPhase section */
		B600000000000000000000B6 /* Resources */ = {
			isa = PBXResourcesBuildPhase;
			buildActionMask = 2147483647;
			files = (
			);
			runOnlyForDeploymentPostprocessing = 0;
		};
		D600000000000000000000D6 /* Resources */ = {
			isa = PBXResourcesBuildPhase;
			buildActionMask = 2147483647;
			files = (
				DD00000000000000000000DD /* BookGate.storekit in Resources */,
			);
			runOnlyForDeploymentPostprocessing = 0;
		};
/* End PBXResourcesBuildPhase section */

/* Begin PBXSourcesBuildPhase section */
		B400000000000000000000B4 /* Sources */ = {
			isa = PBXSourcesBuildPhase;
			buildActionMask = 2147483647;
			files = (
			);
			runOnlyForDeploymentPostprocessing = 0;
		};
		D400000000000000000000D4 /* Sources */ = {
			isa = PBXSourcesBuildPhase;
			buildActionMask = 2147483647;
			files = (
			);
			runOnlyForDeploymentPostprocessing = 0;
		};
/* End PBXSourcesBuildPhase section */

/* Begin XCBuildConfiguration section */
		A500000000000000000000A5 /* Debug */ = {
			isa = XCBuildConfiguration;
			buildSettings = {
				ALWAYS_SEARCH_USER_PATHS = NO;
				ASSETCATALOG_COMPILER_GENERATE_SWIFT_ASSET_SYMBOL_EXTENSIONS = YES;
				CLANG_ANALYZER_NONNULL = YES;
				CLANG_ANALYZER_NUMBER_OBJECT_CONVERSION = YES_AGGRESSIVE;
				CLANG_CXX_LANGUAGE_STANDARD = "gnu++20";
				CLANG_ENABLE_MODULES = YES;
				CLANG_ENABLE_OBJC_ARC = YES;
				CLANG_ENABLE_OBJC_WEAK = YES;
				CLANG_WARN_BOOL_CONVERSION = YES;
				CLANG_WARN_COMMA = YES;
				CLANG_WARN_CONSTANT_CONVERSION = YES;
				CLANG_WARN_DEPRECATED_OBJC_IMPLEMENTATIONS = YES;
				CLANG_WARN_DIRECT_OBJC_ISA_USAGE = YES_ERROR;
				CLANG_WARN_DOCUMENTATION_COMMENTS = YES;
				CLANG_WARN_EMPTY_BODY = YES;
				CLANG_WARN_ENUM_CONVERSION = YES;
				CLANG_WARN_INFINITE_RECURSION = YES;
				CLANG_WARN_INT_CONVERSION = YES;
				CLANG_WARN_NON_LITERAL_NULL_CONVERSION = YES;
				CLANG_WARN_OBJC_IMPLICIT_RETAIN_SELF = YES;
				CLANG_WARN_OBJC_LITERAL_CONVERSION = YES;
				CLANG_WARN_OBJC_ROOT_CLASS = YES_ERROR;
				CLANG_WARN_QUOTED_INCLUDE_IN_FRAMEWORK_HEADER = YES;
				CLANG_WARN_RANGE_LOOP_ANALYSIS = YES;
				CLANG_WARN_STRICT_PROTOTYPES = YES;
				CLANG_WARN_SUSPICIOUS_MOVE = YES;
				CLANG_WARN_UNGUARDED_AVAILABILITY = YES_AGGRESSIVE;
				CLANG_WARN_UNREACHABLE_CODE = YES;
				CLANG_WARN__DUPLICATE_METHOD_MATCH = YES;
				COPY_PHASE_STRIP = NO;
				DEBUG_INFORMATION_FORMAT = dwarf;
				ENABLE_STRICT_OBJC_MSGSEND = YES;
				ENABLE_TESTABILITY = YES;
				ENABLE_USER_SCRIPT_SANDBOXING = YES;
				GCC_C_LANGUAGE_STANDARD = gnu17;
				GCC_DYNAMIC_NO_PIC = NO;
				GCC_NO_COMMON_BLOCKS = YES;
				GCC_OPTIMIZATION_LEVEL = 0;
				GCC_PREPROCESSOR_DEFINITIONS = (
					"DEBUG=1",
					"$(inherited)",
				);
				GCC_WARN_64_TO_32_BIT_CONVERSION = YES;
				GCC_WARN_ABOUT_RETURN_TYPE = YES_ERROR;
				GCC_WARN_UNDECLARED_SELECTOR = YES;
				GCC_WARN_UNINITIALIZED_AUTOS = YES_AGGRESSIVE;
				GCC_WARN_UNUSED_FUNCTION = YES;
				GCC_WARN_UNUSED_VARIABLE = YES;
				IPHONEOS_DEPLOYMENT_TARGET = 26.0;
				LOCALIZATION_PREFERS_STRING_CATALOGS = YES;
				MTL_ENABLE_DEBUG_INFO = INCLUDE_SOURCE;
				MTL_FAST_MATH = YES;
				ONLY_ACTIVE_ARCH = YES;
				SDKROOT = iphoneos;
				SWIFT_ACTIVE_COMPILATION_CONDITIONS = "DEBUG $(inherited)";
				SWIFT_OPTIMIZATION_LEVEL = "-Onone";
			};
			name = Debug;
		};
		A600000000000000000000A6 /* Release */ = {
			isa = XCBuildConfiguration;
			buildSettings = {
				ALWAYS_SEARCH_USER_PATHS = NO;
				ASSETCATALOG_COMPILER_GENERATE_SWIFT_ASSET_SYMBOL_EXTENSIONS = YES;
				CLANG_ANALYZER_NONNULL = YES;
				CLANG_ANALYZER_NUMBER_OBJECT_CONVERSION = YES_AGGRESSIVE;
				CLANG_CXX_LANGUAGE_STANDARD = "gnu++20";
				CLANG_ENABLE_MODULES = YES;
				CLANG_ENABLE_OBJC_ARC = YES;
				CLANG_ENABLE_OBJC_WEAK = YES;
				CLANG_WARN_BOOL_CONVERSION = YES;
				CLANG_WARN_COMMA = YES;
				CLANG_WARN_CONSTANT_CONVERSION = YES;
				CLANG_WARN_DEPRECATED_OBJC_IMPLEMENTATIONS = YES;
				CLANG_WARN_DIRECT_OBJC_ISA_USAGE = YES_ERROR;
				CLANG_WARN_DOCUMENTATION_COMMENTS = YES;
				CLANG_WARN_EMPTY_BODY = YES;
				CLANG_WARN_ENUM_CONVERSION = YES;
				CLANG_WARN_INFINITE_RECURSION = YES;
				CLANG_WARN_INT_CONVERSION = YES;
				CLANG_WARN_NON_LITERAL_NULL_CONVERSION = YES;
				CLANG_WARN_OBJC_IMPLICIT_RETAIN_SELF = YES;
				CLANG_WARN_OBJC_LITERAL_CONVERSION = YES;
				CLANG_WARN_OBJC_ROOT_CLASS = YES_ERROR;
				CLANG_WARN_QUOTED_INCLUDE_IN_FRAMEWORK_HEADER = YES;
				CLANG_WARN_RANGE_LOOP_ANALYSIS = YES;
				CLANG_WARN_STRICT_PROTOTYPES = YES;
				CLANG_WARN_SUSPICIOUS_MOVE = YES;
				CLANG_WARN_UNGUARDED_AVAILABILITY = YES_AGGRESSIVE;
				CLANG_WARN_UNREACHABLE_CODE = YES;
				CLANG_WARN__DUPLICATE_METHOD_MATCH = YES;
				COPY_PHASE_STRIP = NO;
				DEBUG_INFORMATION_FORMAT = "dwarf-with-dsym";
				ENABLE_NS_ASSERTIONS = NO;
				ENABLE_STRICT_OBJC_MSGSEND = YES;
				ENABLE_USER_SCRIPT_SANDBOXING = YES;
				GCC_C_LANGUAGE_STANDARD = gnu17;
				GCC_NO_COMMON_BLOCKS = YES;
				GCC_WARN_64_TO_32_BIT_CONVERSION = YES;
				GCC_WARN_ABOUT_RETURN_TYPE = YES_ERROR;
				GCC_WARN_UNDECLARED_SELECTOR = YES;
				GCC_WARN_UNINITIALIZED_AUTOS = YES_AGGRESSIVE;
				GCC_WARN_UNUSED_FUNCTION = YES;
				GCC_WARN_UNUSED_VARIABLE = YES;
				IPHONEOS_DEPLOYMENT_TARGET = 26.0;
				LOCALIZATION_PREFERS_STRING_CATALOGS = YES;
				MTL_ENABLE_DEBUG_INFO = NO;
				MTL_FAST_MATH = YES;
				SDKROOT = iphoneos;
				SWIFT_COMPILATION_MODE = wholemodule;
			};
			name = Release;
		};
		A700000000000000000000A7 /* Debug */ = {
			isa = XCBuildConfiguration;
			buildSettings = {
				ASSETCATALOG_COMPILER_APPICON_NAME = AppIcon;
				ASSETCATALOG_COMPILER_GLOBAL_ACCENT_COLOR_NAME = AccentColor;
				CODE_SIGN_STYLE = Automatic;
				CODE_SIGN_ENTITLEMENTS = BookGate/BookGate.entitlements;
				CURRENT_PROJECT_VERSION = 1;
				DEVELOPMENT_TEAM = 6Q4N27Q4F3;
				ENABLE_PREVIEWS = YES;
				GENERATE_INFOPLIST_FILE = YES;
				INFOPLIST_FILE = Info.plist;
				INFOPLIST_KEY_ITSAppUsesNonExemptEncryption = NO;
				INFOPLIST_KEY_UIApplicationSceneManifest_Generation = YES;
				INFOPLIST_KEY_UIApplicationSupportsIndirectInputEvents = YES;
				INFOPLIST_KEY_UILaunchScreen_Generation = YES;
				INFOPLIST_KEY_UIStatusBarStyle = UIStatusBarStyleLightContent;
				INFOPLIST_KEY_UISupportedInterfaceOrientations = UIInterfaceOrientationPortrait;
				IPHONEOS_DEPLOYMENT_TARGET = 26.0;
				LD_RUNPATH_SEARCH_PATHS = (
					"$(inherited)",
					"@executable_path/Frameworks",
				);
				MARKETING_VERSION = 1.0;
				PRODUCT_BUNDLE_IDENTIFIER = app.bookgate.BookGate;
				PRODUCT_NAME = "$(TARGET_NAME)";
				SWIFT_EMIT_LOC_STRINGS = YES;
				SWIFT_VERSION = 5.0;
				TARGETED_DEVICE_FAMILY = 1;
			};
			name = Debug;
		};
		A800000000000000000000A8 /* Release */ = {
			isa = XCBuildConfiguration;
			buildSettings = {
				ASSETCATALOG_COMPILER_APPICON_NAME = AppIcon;
				ASSETCATALOG_COMPILER_GLOBAL_ACCENT_COLOR_NAME = AccentColor;
				CODE_SIGN_STYLE = Automatic;
				CODE_SIGN_ENTITLEMENTS = BookGate/BookGate.entitlements;
				CURRENT_PROJECT_VERSION = 1;
				DEVELOPMENT_TEAM = 6Q4N27Q4F3;
				ENABLE_PREVIEWS = YES;
				GENERATE_INFOPLIST_FILE = YES;
				INFOPLIST_FILE = Info.plist;
				INFOPLIST_KEY_ITSAppUsesNonExemptEncryption = NO;
				INFOPLIST_KEY_UIApplicationSceneManifest_Generation = YES;
				INFOPLIST_KEY_UIApplicationSupportsIndirectInputEvents = YES;
				INFOPLIST_KEY_UILaunchScreen_Generation = YES;
				INFOPLIST_KEY_UIStatusBarStyle = UIStatusBarStyleLightContent;
				INFOPLIST_KEY_UISupportedInterfaceOrientations = UIInterfaceOrientationPortrait;
				IPHONEOS_DEPLOYMENT_TARGET = 26.0;
				LD_RUNPATH_SEARCH_PATHS = (
					"$(inherited)",
					"@executable_path/Frameworks",
				);
				MARKETING_VERSION = 1.0;
				PRODUCT_BUNDLE_IDENTIFIER = app.bookgate.BookGate;
				PRODUCT_NAME = "$(TARGET_NAME)";
				SWIFT_EMIT_LOC_STRINGS = YES;
				SWIFT_VERSION = 5.0;
				TARGETED_DEVICE_FAMILY = 1;
			};
			name = Release;
		};
		D800000000000000000000D8 /* Debug */ = {
			isa = XCBuildConfiguration;
			buildSettings = {
				BUNDLE_LOADER = "$(TEST_HOST)";
				CODE_SIGN_STYLE = Automatic;
				CURRENT_PROJECT_VERSION = 1;
				DEVELOPMENT_TEAM = 6Q4N27Q4F3;
				GENERATE_INFOPLIST_FILE = YES;
				IPHONEOS_DEPLOYMENT_TARGET = 26.0;
				MARKETING_VERSION = 1.0;
				PRODUCT_BUNDLE_IDENTIFIER = app.bookgate.BookGateTests;
				PRODUCT_NAME = "$(TARGET_NAME)";
				SWIFT_EMIT_LOC_STRINGS = NO;
				SWIFT_VERSION = 5.0;
				TARGETED_DEVICE_FAMILY = 1;
				TEST_HOST = "$(BUILT_PRODUCTS_DIR)/BookGate.app/$(BUNDLE_EXECUTABLE_FOLDER_PATH)/BookGate";
			};
			name = Debug;
		};
		D900000000000000000000D9 /* Release */ = {
			isa = XCBuildConfiguration;
			buildSettings = {
				BUNDLE_LOADER = "$(TEST_HOST)";
				CODE_SIGN_STYLE = Automatic;
				CURRENT_PROJECT_VERSION = 1;
				DEVELOPMENT_TEAM = 6Q4N27Q4F3;
				GENERATE_INFOPLIST_FILE = YES;
				IPHONEOS_DEPLOYMENT_TARGET = 26.0;
				MARKETING_VERSION = 1.0;
				PRODUCT_BUNDLE_IDENTIFIER = app.bookgate.BookGateTests;
				PRODUCT_NAME = "$(TARGET_NAME)";
				SWIFT_EMIT_LOC_STRINGS = NO;
				SWIFT_VERSION = 5.0;
				TARGETED_DEVICE_FAMILY = 1;
				TEST_HOST = "$(BUILT_PRODUCTS_DIR)/BookGate.app/$(BUNDLE_EXECUTABLE_FOLDER_PATH)/BookGate";
			};
			name = Release;
		};
/* End XCBuildConfiguration section */

/* Begin XCConfigurationList section */
		A300000000000000000000A3 /* Build configuration list for PBXProject "BookGate" */ = {
			isa = XCConfigurationList;
			buildConfigurations = (
				A500000000000000000000A5 /* Debug */,
				A600000000000000000000A6 /* Release */,
			);
			defaultConfigurationIsVisible = 0;
			defaultConfigurationName = Release;
		};
		A400000000000000000000A4 /* Build configuration list for PBXNativeTarget "BookGate" */ = {
			isa = XCConfigurationList;
			buildConfigurations = (
				A700000000000000000000A7 /* Debug */,
				A800000000000000000000A8 /* Release */,
			);
			defaultConfigurationIsVisible = 0;
			defaultConfigurationName = Release;
		};
		D700000000000000000000D7 /* Build configuration list for PBXNativeTarget "BookGateTests" */ = {
			isa = XCConfigurationList;
			buildConfigurations = (
				D800000000000000000000D8 /* Debug */,
				D900000000000000000000D9 /* Release */,
			);
			defaultConfigurationIsVisible = 0;
			defaultConfigurationName = Release;
		};
/* End XCConfigurationList section */
/* Begin XCRemoteSwiftPackageReference section */
		C300000000000000000000C1 /* XCRemoteSwiftPackageReference "subscriptionkit-ios" */ = {
			isa = XCRemoteSwiftPackageReference;
			repositoryURL = "git@github.com:iamcollins/subscriptionkit-ios.git";
			requirement = {
				kind = upToNextMajorVersion;
				minimumVersion = 0.1.1;
			};
		};
		C300000000000000000000C2 /* XCRemoteSwiftPackageReference "shotkit-ios" */ = {
			isa = XCRemoteSwiftPackageReference;
			repositoryURL = "git@github.com:iamcollins/shotkit-ios.git";
			requirement = {
				kind = upToNextMajorVersion;
				minimumVersion = 0.1.1;
			};
		};
/* End XCRemoteSwiftPackageReference section */

/* Begin XCSwiftPackageProductDependency section */
		C200000000000000000000C1 /* SubscriptionKit */ = {
			isa = XCSwiftPackageProductDependency;
			package = C300000000000000000000C1 /* XCRemoteSwiftPackageReference "subscriptionkit-ios" */;
			productName = SubscriptionKit;
		};
		C200000000000000000000C2 /* SubscriptionKitUI */ = {
			isa = XCSwiftPackageProductDependency;
			package = C300000000000000000000C1 /* XCRemoteSwiftPackageReference "subscriptionkit-ios" */;
			productName = SubscriptionKitUI;
		};
		C200000000000000000000C3 /* ShotKit */ = {
			isa = XCSwiftPackageProductDependency;
			package = C300000000000000000000C2 /* XCRemoteSwiftPackageReference "shotkit-ios" */;
			productName = ShotKit;
		};
		D100000000000000000000C5 /* SubscriptionKit */ = {
			isa = XCSwiftPackageProductDependency;
			package = C300000000000000000000C1 /* XCRemoteSwiftPackageReference "subscriptionkit-ios" */;
			productName = SubscriptionKit;
		};
/* End XCSwiftPackageProductDependency section */

	};
	rootObject = A100000000000000000000A1 /* Project object */;
}
